# This file was autogenerated by Stack.
# You should not edit this file by hand.
# For more information, please see the documentation at:
#   https://docs.haskellstack.org/en/stable/lock_files

packages:
- completed:
    hackage: monoidal-containers-0.6.3.0@sha256:838c67c75263ec580744fe7fefb0549e4eb7952704f1e18b31a0472ebf08bcf5,2241
    pantry-tree:
      size: 569
      sha256: aa25f18348ae9e6d92f1a0439e7fcc6f286becd5b647c885771d24418630be0c
  original:
    hackage: monoidal-containers-0.6.3.0
snapshots:
- completed:
    size: 586296
    url: https://raw.githubusercontent.com/commercialhaskell/stackage-snapshots/master/lts/18/18.yaml
    sha256: 63539429076b7ebbab6daa7656cfb079393bf644971156dc349d7c0453694ac2
  original: lts-18.18
